
Microsoft Visual Studio Solution File, Format Version 12.00
# Visual Studio Version 16
VisualStudioVersion = 16.0.31402.337
MinimumVisualStudioVersion = 10.0.40219.1
Project("{FAE04EC0-301F-11D3-BF4B-00C04F79EFBC}") = "WindowsFormsApp1", "WindowsFormsApp1\WindowsFormsApp1.csproj", "{FA88E6D1-553F-41BE-97FD-0EB6F4DC1C3E}"
EndProject
Global
	GlobalSection(SolutionConfigurationPlatforms) = preSolution
		Debug|Any CPU = Debug|Any CPU
		Release|Any CPU = Release|Any CPU
	EndGlobalSection
	GlobalSection(ProjectConfigurationPlatforms) = postSolution
		{FA88E6D1-553F-41BE-97FD-0EB6F4DC1C3E}.Debug|Any CPU.ActiveCfg = Debug|Any CPU
		{FA88E6D1-553F-41BE-97FD-0EB6F4DC1C3E}.Debug|Any CPU.Build.0 = Debug|Any CPU
		{FA88E6D1-553F-41BE-97FD-0EB6F4DC1C3E}.Release|Any CPU.ActiveCfg = Release|Any CPU
		{FA88E6D1-553F-41BE-97FD-0EB6F4DC1C3E}.Release|Any CPU.Build.0 = Release|Any CPU
	EndGlobalSection
	GlobalSection(SolutionProperties) = preSolution
		HideSolutionNode = FALSE
	EndGlobalSection
	GlobalSection(ExtensibilityGlobals) = postSolution
		SolutionGuid = {A36222EF-A2F7-43DB-926F-381EFCEADC4E}
	EndGlobalSection
EndGlobal
