
Microsoft Visual Studio Solution File, Format Version 12.00
# Visual Studio Version 17
VisualStudioVersion = 17.8.34316.72
MinimumVisualStudioVersion = 10.0.40219.1
Project("{FAE04EC0-301F-11D3-BF4B-00C04F79EFBC}") = "Bai1_TX2", "Bai1_TX2\Bai1_TX2.csproj", "{F747FA58-AB7B-4D4F-9353-2A93FA22A91B}"
EndProject
Project("{FAE04EC0-301F-11D3-BF4B-00C04F79EFBC}") = "B1_TX2", "B1_TX2\B1_TX2.csproj", "{7ACA0578-DAE1-4E2C-A8FA-540AD0622F9D}"
EndProject
Global
	GlobalSection(SolutionConfigurationPlatforms) = preSolution
		Debug|Any CPU = Debug|Any CPU
		Release|Any CPU = Release|Any CPU
	EndGlobalSection
	GlobalSection(ProjectConfigurationPlatforms) = postSolution
		{F747FA58-AB7B-4D4F-9353-2A93FA22A91B}.Debug|Any CPU.ActiveCfg = Debug|Any CPU
		{F747FA58-AB7B-4D4F-9353-2A93FA22A91B}.Debug|Any CPU.Build.0 = Debug|Any CPU
		{F747FA58-AB7B-4D4F-9353-2A93FA22A91B}.Release|Any CPU.ActiveCfg = Release|Any CPU
		{F747FA58-AB7B-4D4F-9353-2A93FA22A91B}.Release|Any CPU.Build.0 = Release|Any CPU
		{7ACA0578-DAE1-4E2C-A8FA-540AD0622F9D}.Debug|Any CPU.ActiveCfg = Debug|Any CPU
		{7ACA0578-DAE1-4E2C-A8FA-540AD0622F9D}.Debug|Any CPU.Build.0 = Debug|Any CPU
		{7ACA0578-DAE1-4E2C-A8FA-540AD0622F9D}.Release|Any CPU.ActiveCfg = Release|Any CPU
		{7ACA0578-DAE1-4E2C-A8FA-540AD0622F9D}.Release|Any CPU.Build.0 = Release|Any CPU
	EndGlobalSection
	GlobalSection(SolutionProperties) = preSolution
		HideSolutionNode = FALSE
	EndGlobalSection
	GlobalSection(ExtensibilityGlobals) = postSolution
		SolutionGuid = {D9119EB8-6C6B-4F0B-9AF4-5F050DCE1414}
	EndGlobalSection
EndGlobal
