
Microsoft Visual Studio Solution File, Format Version 12.00
# Visual Studio Version 17
VisualStudioVersion = 17.7.34202.233
MinimumVisualStudioVersion = 10.0.40219.1
Project("{FAE04EC0-301F-11D3-BF4B-00C04F79EFBC}") = "BT1", "BT1.csproj", "{2AB9F473-1DE5-4F23-A6EF-35440345E403}"
EndProject
Global
	GlobalSection(SolutionConfigurationPlatforms) = preSolution
		Debug|Any CPU = Debug|Any CPU
		Release|Any CPU = Release|Any CPU
	EndGlobalSection
	GlobalSection(ProjectConfigurationPlatforms) = postSolution
		{2AB9F473-1DE5-4F23-A6EF-35440345E403}.Debug|Any CPU.ActiveCfg = Debug|Any CPU
		{2AB9F473-1DE5-4F23-A6EF-35440345E403}.Debug|Any CPU.Build.0 = Debug|Any CPU
		{2AB9F473-1DE5-4F23-A6EF-35440345E403}.Release|Any CPU.ActiveCfg = Release|Any CPU
		{2AB9F473-1DE5-4F23-A6EF-35440345E403}.Release|Any CPU.Build.0 = Release|Any CPU
	EndGlobalSection
	GlobalSection(SolutionProperties) = preSolution
		HideSolutionNode = FALSE
	EndGlobalSection
	GlobalSection(ExtensibilityGlobals) = postSolution
		SolutionGuid = {8247827B-0C2A-4461-B4E4-102A92E51E17}
	EndGlobalSection
EndGlobal
