
Microsoft Visual Studio Solution File, Format Version 12.00
# Visual Studio Version 16
VisualStudioVersion = 16.0.31402.337
MinimumVisualStudioVersion = 10.0.40219.1
Project("{FAE04EC0-301F-11D3-BF4B-00C04F79EFBC}") = "BaiTap2", "BaiTap2\BaiTap2.csproj", "{D069F0DA-75AA-4B40-81A6-30C4128778DC}"
EndProject
Global
	GlobalSection(SolutionConfigurationPlatforms) = preSolution
		Debug|Any CPU = Debug|Any CPU
		Release|Any CPU = Release|Any CPU
	EndGlobalSection
	GlobalSection(ProjectConfigurationPlatforms) = postSolution
		{D069F0DA-75AA-4B40-81A6-30C4128778DC}.Debug|Any CPU.ActiveCfg = Debug|Any CPU
		{D069F0DA-75AA-4B40-81A6-30C4128778DC}.Debug|Any CPU.Build.0 = Debug|Any CPU
		{D069F0DA-75AA-4B40-81A6-30C4128778DC}.Release|Any CPU.ActiveCfg = Release|Any CPU
		{D069F0DA-75AA-4B40-81A6-30C4128778DC}.Release|Any CPU.Build.0 = Release|Any CPU
	EndGlobalSection
	GlobalSection(SolutionProperties) = preSolution
		HideSolutionNode = FALSE
	EndGlobalSection
	GlobalSection(ExtensibilityGlobals) = postSolution
		SolutionGuid = {985C0AA0-5FC8-4808-9524-5414D67ADE6D}
	EndGlobalSection
EndGlobal
