
Microsoft Visual Studio Solution File, Format Version 12.00
# Visual Studio Version 17
VisualStudioVersion = 17.5.33502.453
MinimumVisualStudioVersion = 10.0.40219.1
Project("{FAE04EC0-301F-11D3-BF4B-00C04F79EFBC}") = "WindowsFormsApp1", "WindowsFormsApp1\WindowsFormsApp1.csproj", "{1FD25270-20FF-49A0-BAC9-F5664DAA3699}"
EndProject
Global
	GlobalSection(SolutionConfigurationPlatforms) = preSolution
		Debug|Any CPU = Debug|Any CPU
		Release|Any CPU = Release|Any CPU
	EndGlobalSection
	GlobalSection(ProjectConfigurationPlatforms) = postSolution
		{1FD25270-20FF-49A0-BAC9-F5664DAA3699}.Debug|Any CPU.ActiveCfg = Debug|Any CPU
		{1FD25270-20FF-49A0-BAC9-F5664DAA3699}.Debug|Any CPU.Build.0 = Debug|Any CPU
		{1FD25270-20FF-49A0-BAC9-F5664DAA3699}.Release|Any CPU.ActiveCfg = Release|Any CPU
		{1FD25270-20FF-49A0-BAC9-F5664DAA3699}.Release|Any CPU.Build.0 = Release|Any CPU
	EndGlobalSection
	GlobalSection(SolutionProperties) = preSolution
		HideSolutionNode = FALSE
	EndGlobalSection
	GlobalSection(ExtensibilityGlobals) = postSolution
		SolutionGuid = {249FFB36-DB1B-4481-95AE-C7A197F70B93}
	EndGlobalSection
EndGlobal
