
Microsoft Visual Studio Solution File, Format Version 12.00
# Visual Studio Version 17
VisualStudioVersion = 17.5.33502.453
MinimumVisualStudioVersion = 10.0.40219.1
Project("{FAE04EC0-301F-11D3-BF4B-00C04F79EFBC}") = "WindowsFormsApp1", "WindowsFormsApp1\WindowsFormsApp1.csproj", "{505EBE7C-88FA-454B-81BF-6F2A092D4D03}"
EndProject
Global
	GlobalSection(SolutionConfigurationPlatforms) = preSolution
		Debug|Any CPU = Debug|Any CPU
		Release|Any CPU = Release|Any CPU
	EndGlobalSection
	GlobalSection(ProjectConfigurationPlatforms) = postSolution
		{505EBE7C-88FA-454B-81BF-6F2A092D4D03}.Debug|Any CPU.ActiveCfg = Debug|Any CPU
		{505EBE7C-88FA-454B-81BF-6F2A092D4D03}.Debug|Any CPU.Build.0 = Debug|Any CPU
		{505EBE7C-88FA-454B-81BF-6F2A092D4D03}.Release|Any CPU.ActiveCfg = Release|Any CPU
		{505EBE7C-88FA-454B-81BF-6F2A092D4D03}.Release|Any CPU.Build.0 = Release|Any CPU
	EndGlobalSection
	GlobalSection(SolutionProperties) = preSolution
		HideSolutionNode = FALSE
	EndGlobalSection
	GlobalSection(ExtensibilityGlobals) = postSolution
		SolutionGuid = {0F051ED5-1E13-46B9-B435-B90DA851EB3B}
	EndGlobalSection
EndGlobal
