
Microsoft Visual Studio Solution File, Format Version 12.00
# Visual Studio Version 17
VisualStudioVersion = 17.7.34031.279
MinimumVisualStudioVersion = 10.0.40219.1
Project("{FAE04EC0-301F-11D3-BF4B-00C04F79EFBC}") = "NguyenThanhLam_2020601227_BT4.2", "NguyenThanhLam_2020601227_BT4.2\NguyenThanhLam_2020601227_BT4.2.csproj", "{141F1B59-1491-4283-85F1-1E7CEEB13F8B}"
EndProject
Global
	GlobalSection(SolutionConfigurationPlatforms) = preSolution
		Debug|Any CPU = Debug|Any CPU
		Release|Any CPU = Release|Any CPU
	EndGlobalSection
	GlobalSection(ProjectConfigurationPlatforms) = postSolution
		{141F1B59-1491-4283-85F1-1E7CEEB13F8B}.Debug|Any CPU.ActiveCfg = Debug|Any CPU
		{141F1B59-1491-4283-85F1-1E7CEEB13F8B}.Debug|Any CPU.Build.0 = Debug|Any CPU
		{141F1B59-1491-4283-85F1-1E7CEEB13F8B}.Release|Any CPU.ActiveCfg = Release|Any CPU
		{141F1B59-1491-4283-85F1-1E7CEEB13F8B}.Release|Any CPU.Build.0 = Release|Any CPU
	EndGlobalSection
	GlobalSection(SolutionProperties) = preSolution
		HideSolutionNode = FALSE
	EndGlobalSection
	GlobalSection(ExtensibilityGlobals) = postSolution
		SolutionGuid = {4CE793D1-2BD5-47D2-9B2E-38AD4D067398}
	EndGlobalSection
EndGlobal
