
Microsoft Visual Studio Solution File, Format Version 12.00
# Visual Studio Version 17
VisualStudioVersion = 17.7.34003.232
MinimumVisualStudioVersion = 10.0.40219.1
Project("{FAE04EC0-301F-11D3-BF4B-00C04F79EFBC}") = "WebApplication1", "WebApplication1\WebApplication1.csproj", "{4D478940-3BC0-47C1-80FE-6A1DB5028D48}"
EndProject
Project("{FAE04EC0-301F-11D3-BF4B-00C04F79EFBC}") = "WindowsFormsApp1", "WindowsFormsApp1\WindowsFormsApp1.csproj", "{A9AC79C3-2A73-49D8-8603-7933B1B3F8D6}"
EndProject
Global
	GlobalSection(SolutionConfigurationPlatforms) = preSolution
		Debug|Any CPU = Debug|Any CPU
		Release|Any CPU = Release|Any CPU
	EndGlobalSection
	GlobalSection(ProjectConfigurationPlatforms) = postSolution
		{4D478940-3BC0-47C1-80FE-6A1DB5028D48}.Debug|Any CPU.ActiveCfg = Debug|Any CPU
		{4D478940-3BC0-47C1-80FE-6A1DB5028D48}.Debug|Any CPU.Build.0 = Debug|Any CPU
		{4D478940-3BC0-47C1-80FE-6A1DB5028D48}.Release|Any CPU.ActiveCfg = Release|Any CPU
		{4D478940-3BC0-47C1-80FE-6A1DB5028D48}.Release|Any CPU.Build.0 = Release|Any CPU
		{A9AC79C3-2A73-49D8-8603-7933B1B3F8D6}.Debug|Any CPU.ActiveCfg = Debug|Any CPU
		{A9AC79C3-2A73-49D8-8603-7933B1B3F8D6}.Debug|Any CPU.Build.0 = Debug|Any CPU
		{A9AC79C3-2A73-49D8-8603-7933B1B3F8D6}.Release|Any CPU.ActiveCfg = Release|Any CPU
		{A9AC79C3-2A73-49D8-8603-7933B1B3F8D6}.Release|Any CPU.Build.0 = Release|Any CPU
	EndGlobalSection
	GlobalSection(SolutionProperties) = preSolution
		HideSolutionNode = FALSE
	EndGlobalSection
	GlobalSection(ExtensibilityGlobals) = postSolution
		SolutionGuid = {A3ECB751-BE5C-4B5C-B88F-3A0F7EB2C64A}
	EndGlobalSection
EndGlobal
