
Microsoft Visual Studio Solution File, Format Version 12.00
# Visual Studio Version 17
VisualStudioVersion = 17.5.33502.453
MinimumVisualStudioVersion = 10.0.40219.1
Project("{F184B08F-C81C-45F6-A57F-5ABD9991F28F}") = "WpfBrowserApp1", "WpfBrowserApp1\WpfBrowserApp1.vbproj", "{507629BB-FDF1-4FF7-B111-46845AD99648}"
EndProject
Global
	GlobalSection(SolutionConfigurationPlatforms) = preSolution
		Debug|Any CPU = Debug|Any CPU
		Release|Any CPU = Release|Any CPU
	EndGlobalSection
	GlobalSection(ProjectConfigurationPlatforms) = postSolution
		{507629BB-FDF1-4FF7-B111-46845AD99648}.Debug|Any CPU.ActiveCfg = Debug|Any CPU
		{507629BB-FDF1-4FF7-B111-46845AD99648}.Debug|Any CPU.Build.0 = Debug|Any CPU
		{507629BB-FDF1-4FF7-B111-46845AD99648}.Release|Any CPU.ActiveCfg = Release|Any CPU
		{507629BB-FDF1-4FF7-B111-46845AD99648}.Release|Any CPU.Build.0 = Release|Any CPU
	EndGlobalSection
	GlobalSection(SolutionProperties) = preSolution
		HideSolutionNode = FALSE
	EndGlobalSection
	GlobalSection(ExtensibilityGlobals) = postSolution
		SolutionGuid = {1D65FDD4-A573-4BE1-9BF2-22B8B98F8BED}
	EndGlobalSection
EndGlobal
