
Microsoft Visual Studio Solution File, Format Version 12.00
# Visual Studio Version 17
VisualStudioVersion = 17.7.34003.232
MinimumVisualStudioVersion = 10.0.40219.1
Project("{FAE04EC0-301F-11D3-BF4B-00C04F79EFBC}") = "WebApplication1", "WebApplication1\WebApplication1.csproj", "{685CDEC0-180A-4471-86FE-B550645BF776}"
EndProject
Project("{FAE04EC0-301F-11D3-BF4B-00C04F79EFBC}") = "WindowsFormsApp1", "WindowsFormsApp1\WindowsFormsApp1.csproj", "{4729644F-B41C-4FFA-89EB-3126519F7517}"
EndProject
Global
	GlobalSection(SolutionConfigurationPlatforms) = preSolution
		Debug|Any CPU = Debug|Any CPU
		Release|Any CPU = Release|Any CPU
	EndGlobalSection
	GlobalSection(ProjectConfigurationPlatforms) = postSolution
		{685CDEC0-180A-4471-86FE-B550645BF776}.Debug|Any CPU.ActiveCfg = Debug|Any CPU
		{685CDEC0-180A-4471-86FE-B550645BF776}.Debug|Any CPU.Build.0 = Debug|Any CPU
		{685CDEC0-180A-4471-86FE-B550645BF776}.Release|Any CPU.ActiveCfg = Release|Any CPU
		{685CDEC0-180A-4471-86FE-B550645BF776}.Release|Any CPU.Build.0 = Release|Any CPU
		{4729644F-B41C-4FFA-89EB-3126519F7517}.Debug|Any CPU.ActiveCfg = Debug|Any CPU
		{4729644F-B41C-4FFA-89EB-3126519F7517}.Debug|Any CPU.Build.0 = Debug|Any CPU
		{4729644F-B41C-4FFA-89EB-3126519F7517}.Release|Any CPU.ActiveCfg = Release|Any CPU
		{4729644F-B41C-4FFA-89EB-3126519F7517}.Release|Any CPU.Build.0 = Release|Any CPU
	EndGlobalSection
	GlobalSection(SolutionProperties) = preSolution
		HideSolutionNode = FALSE
	EndGlobalSection
	GlobalSection(ExtensibilityGlobals) = postSolution
		SolutionGuid = {857673E3-6EF7-445F-B82B-08CAD629C932}
	EndGlobalSection
EndGlobal
