
Microsoft Visual Studio Solution File, Format Version 12.00
# Visual Studio Version 16
VisualStudioVersion = 16.0.31402.337
MinimumVisualStudioVersion = 10.0.40219.1
Project("{FAE04EC0-301F-11D3-BF4B-00C04F79EFBC}") = "VD2", "VD2\VD2.csproj", "{95CB175A-3118-4BD7-9A0F-EE126E4BCEF6}"
EndProject
Project("{FAE04EC0-301F-11D3-BF4B-00C04F79EFBC}") = "BaiTap1", "BaiTap1\BaiTap1.csproj", "{0AB602AC-106E-428B-AA48-CA0419E2B0D4}"
EndProject
Global
	GlobalSection(SolutionConfigurationPlatforms) = preSolution
		Debug|Any CPU = Debug|Any CPU
		Release|Any CPU = Release|Any CPU
	EndGlobalSection
	GlobalSection(ProjectConfigurationPlatforms) = postSolution
		{95CB175A-3118-4BD7-9A0F-EE126E4BCEF6}.Debug|Any CPU.ActiveCfg = Debug|Any CPU
		{95CB175A-3118-4BD7-9A0F-EE126E4BCEF6}.Debug|Any CPU.Build.0 = Debug|Any CPU
		{95CB175A-3118-4BD7-9A0F-EE126E4BCEF6}.Release|Any CPU.ActiveCfg = Release|Any CPU
		{95CB175A-3118-4BD7-9A0F-EE126E4BCEF6}.Release|Any CPU.Build.0 = Release|Any CPU
		{0AB602AC-106E-428B-AA48-CA0419E2B0D4}.Debug|Any CPU.ActiveCfg = Debug|Any CPU
		{0AB602AC-106E-428B-AA48-CA0419E2B0D4}.Debug|Any CPU.Build.0 = Debug|Any CPU
		{0AB602AC-106E-428B-AA48-CA0419E2B0D4}.Release|Any CPU.ActiveCfg = Release|Any CPU
		{0AB602AC-106E-428B-AA48-CA0419E2B0D4}.Release|Any CPU.Build.0 = Release|Any CPU
	EndGlobalSection
	GlobalSection(SolutionProperties) = preSolution
		HideSolutionNode = FALSE
	EndGlobalSection
	GlobalSection(ExtensibilityGlobals) = postSolution
		SolutionGuid = {BD99DE66-72FD-4AA2-A0F6-121DDF36C51B}
	EndGlobalSection
EndGlobal
