
Microsoft Visual Studio Solution File, Format Version 12.00
# Visual Studio Version 17
VisualStudioVersion = 17.7.34031.279
MinimumVisualStudioVersion = 10.0.40219.1
Project("{FAE04EC0-301F-11D3-BF4B-00C04F79EFBC}") = "NguyenThanhLam_2020601227_BT5.2", "NguyenThanhLam_2020601227_BT5.2\NguyenThanhLam_2020601227_BT5.2.csproj", "{DBF29493-55F3-4E2D-852C-B5EAFACD9B2B}"
EndProject
Global
	GlobalSection(SolutionConfigurationPlatforms) = preSolution
		Debug|Any CPU = Debug|Any CPU
		Release|Any CPU = Release|Any CPU
	EndGlobalSection
	GlobalSection(ProjectConfigurationPlatforms) = postSolution
		{DBF29493-55F3-4E2D-852C-B5EAFACD9B2B}.Debug|Any CPU.ActiveCfg = Debug|Any CPU
		{DBF29493-55F3-4E2D-852C-B5EAFACD9B2B}.Debug|Any CPU.Build.0 = Debug|Any CPU
		{DBF29493-55F3-4E2D-852C-B5EAFACD9B2B}.Release|Any CPU.ActiveCfg = Release|Any CPU
		{DBF29493-55F3-4E2D-852C-B5EAFACD9B2B}.Release|Any CPU.Build.0 = Release|Any CPU
	EndGlobalSection
	GlobalSection(SolutionProperties) = preSolution
		HideSolutionNode = FALSE
	EndGlobalSection
	GlobalSection(ExtensibilityGlobals) = postSolution
		SolutionGuid = {865C18C8-7542-4FE8-B4EB-A2ECB4EBDAF8}
	EndGlobalSection
EndGlobal
