
Microsoft Visual Studio Solution File, Format Version 12.00
# Visual Studio Version 17
VisualStudioVersion = 17.7.34031.279
MinimumVisualStudioVersion = 10.0.40219.1
Project("{FAE04EC0-301F-11D3-BF4B-00C04F79EFBC}") = "XSLT_1", "Bai1_xslt\XSLT_1.csproj", "{23A16315-8AB2-4F0E-B43B-3054EC5F348E}"
EndProject
Project("{FAE04EC0-301F-11D3-BF4B-00C04F79EFBC}") = "XSLT_2", "XSLT_2\XSLT_2.csproj", "{56F99ED2-951D-43D9-949F-8CE0E62699DB}"
EndProject
Project("{FAE04EC0-301F-11D3-BF4B-00C04F79EFBC}") = "XSLT_3", "XSLT_3\XSLT_3.csproj", "{776078BF-C426-4F2B-AED8-642774D30B98}"
EndProject
Global
	GlobalSection(SolutionConfigurationPlatforms) = preSolution
		Debug|Any CPU = Debug|Any CPU
		Release|Any CPU = Release|Any CPU
	EndGlobalSection
	GlobalSection(ProjectConfigurationPlatforms) = postSolution
		{23A16315-8AB2-4F0E-B43B-3054EC5F348E}.Debug|Any CPU.ActiveCfg = Debug|Any CPU
		{23A16315-8AB2-4F0E-B43B-3054EC5F348E}.Debug|Any CPU.Build.0 = Debug|Any CPU
		{23A16315-8AB2-4F0E-B43B-3054EC5F348E}.Release|Any CPU.ActiveCfg = Release|Any CPU
		{23A16315-8AB2-4F0E-B43B-3054EC5F348E}.Release|Any CPU.Build.0 = Release|Any CPU
		{56F99ED2-951D-43D9-949F-8CE0E62699DB}.Debug|Any CPU.ActiveCfg = Debug|Any CPU
		{56F99ED2-951D-43D9-949F-8CE0E62699DB}.Debug|Any CPU.Build.0 = Debug|Any CPU
		{56F99ED2-951D-43D9-949F-8CE0E62699DB}.Release|Any CPU.ActiveCfg = Release|Any CPU
		{56F99ED2-951D-43D9-949F-8CE0E62699DB}.Release|Any CPU.Build.0 = Release|Any CPU
		{776078BF-C426-4F2B-AED8-642774D30B98}.Debug|Any CPU.ActiveCfg = Debug|Any CPU
		{776078BF-C426-4F2B-AED8-642774D30B98}.Debug|Any CPU.Build.0 = Debug|Any CPU
		{776078BF-C426-4F2B-AED8-642774D30B98}.Release|Any CPU.ActiveCfg = Release|Any CPU
		{776078BF-C426-4F2B-AED8-642774D30B98}.Release|Any CPU.Build.0 = Release|Any CPU
	EndGlobalSection
	GlobalSection(SolutionProperties) = preSolution
		HideSolutionNode = FALSE
	EndGlobalSection
	GlobalSection(ExtensibilityGlobals) = postSolution
		SolutionGuid = {F97B4047-1C7A-41B0-99AD-7E2C5BF74B52}
	EndGlobalSection
EndGlobal
